
Microsoft Visual Studio Solution File, Format Version 12.00
# Visual Studio Version 17
VisualStudioVersion = 17.9.34728.123
MinimumVisualStudioVersion = 10.0.40219.1
Project("{9A19103F-16F7-4668-BE54-9A1E7A4F7556}") = "Cod3rsGrowth.Dominio", "Cod3rsGrowth.Dominio\Cod3rsGrowth.Dominio.csproj", "{B8A689F8-105A-4E1B-AFEB-256F88169EA6}"
EndProject
Project("{9A19103F-16F7-4668-BE54-9A1E7A4F7556}") = "Cod3rsGrowth.Infra", "Cod3rsGrowth.Infra\Cod3rsGrowth.Infra.csproj", "{2C413D68-D486-4275-8D4E-4A69BC2AD5D3}"
EndProject
Project("{9A19103F-16F7-4668-BE54-9A1E7A4F7556}") = "Cod3rsGrowth.Forms", "Cod3rsGrowth.forms\Cod3rsGrowth.Forms.csproj", "{7C5E133C-9927-4DF6-9730-AF9DFE4218CE}"
EndProject
Project("{9A19103F-16F7-4668-BE54-9A1E7A4F7556}") = "Cod3rsGrowth.Web", "Cod3rsGrowth.Web\Cod3rsGrowth.Web.csproj", "{864F6CA1-23F1-4948-B942-38278743067D}"
EndProject
Project("{9A19103F-16F7-4668-BE54-9A1E7A4F7556}") = "Cod3rsGrowth.Testes", "Cod3rsGrowth.Testes\Cod3rsGrowth.Testes.csproj", "{9783F942-B4C2-4927-85AC-758AF0E0F838}"
EndProject
Project("{FAE04EC0-301F-11D3-BF4B-00C04F79EFBC}") = "Cod3rsGrowth.Servicos", "Cod3rsGrowth.Servicos\Cod3rsGrowth.Servicos.csproj", "{8BAB4633-1502-42C5-9D72-91DE2F112A06}"
EndProject
Global
	GlobalSection(SolutionConfigurationPlatforms) = preSolution
		Debug|Any CPU = Debug|Any CPU
		Release|Any CPU = Release|Any CPU
	EndGlobalSection
	GlobalSection(ProjectConfigurationPlatforms) = postSolution
		{B8A689F8-105A-4E1B-AFEB-256F88169EA6}.Debug|Any CPU.ActiveCfg = Debug|Any CPU
		{B8A689F8-105A-4E1B-AFEB-256F88169EA6}.Debug|Any CPU.Build.0 = Debug|Any CPU
		{B8A689F8-105A-4E1B-AFEB-256F88169EA6}.Release|Any CPU.ActiveCfg = Release|Any CPU
		{B8A689F8-105A-4E1B-AFEB-256F88169EA6}.Release|Any CPU.Build.0 = Release|Any CPU
		{2C413D68-D486-4275-8D4E-4A69BC2AD5D3}.Debug|Any CPU.ActiveCfg = Debug|Any CPU
		{2C413D68-D486-4275-8D4E-4A69BC2AD5D3}.Debug|Any CPU.Build.0 = Debug|Any CPU
		{2C413D68-D486-4275-8D4E-4A69BC2AD5D3}.Release|Any CPU.ActiveCfg = Release|Any CPU
		{2C413D68-D486-4275-8D4E-4A69BC2AD5D3}.Release|Any CPU.Build.0 = Release|Any CPU
		{7C5E133C-9927-4DF6-9730-AF9DFE4218CE}.Debug|Any CPU.ActiveCfg = Debug|Any CPU
		{7C5E133C-9927-4DF6-9730-AF9DFE4218CE}.Debug|Any CPU.Build.0 = Debug|Any CPU
		{7C5E133C-9927-4DF6-9730-AF9DFE4218CE}.Release|Any CPU.ActiveCfg = Release|Any CPU
		{7C5E133C-9927-4DF6-9730-AF9DFE4218CE}.Release|Any CPU.Build.0 = Release|Any CPU
		{864F6CA1-23F1-4948-B942-38278743067D}.Debug|Any CPU.ActiveCfg = Debug|Any CPU
		{864F6CA1-23F1-4948-B942-38278743067D}.Debug|Any CPU.Build.0 = Debug|Any CPU
		{864F6CA1-23F1-4948-B942-38278743067D}.Release|Any CPU.ActiveCfg = Release|Any CPU
		{864F6CA1-23F1-4948-B942-38278743067D}.Release|Any CPU.Build.0 = Release|Any CPU
		{9783F942-B4C2-4927-85AC-758AF0E0F838}.Debug|Any CPU.ActiveCfg = Debug|Any CPU
		{9783F942-B4C2-4927-85AC-758AF0E0F838}.Debug|Any CPU.Build.0 = Debug|Any CPU
		{9783F942-B4C2-4927-85AC-758AF0E0F838}.Release|Any CPU.ActiveCfg = Release|Any CPU
		{9783F942-B4C2-4927-85AC-758AF0E0F838}.Release|Any CPU.Build.0 = Release|Any CPU
		{8BAB4633-1502-42C5-9D72-91DE2F112A06}.Debug|Any CPU.ActiveCfg = Debug|Any CPU
		{8BAB4633-1502-42C5-9D72-91DE2F112A06}.Debug|Any CPU.Build.0 = Debug|Any CPU
		{8BAB4633-1502-42C5-9D72-91DE2F112A06}.Release|Any CPU.ActiveCfg = Release|Any CPU
		{8BAB4633-1502-42C5-9D72-91DE2F112A06}.Release|Any CPU.Build.0 = Release|Any CPU
	EndGlobalSection
	GlobalSection(SolutionProperties) = preSolution
		HideSolutionNode = FALSE
	EndGlobalSection
	GlobalSection(ExtensibilityGlobals) = postSolution
		SolutionGuid = {E177EF7C-1CE0-4B26-A114-1253C2D828FC}
	EndGlobalSection
EndGlobal
